
Microsoft Visual Studio Solution File, Format Version 12.00
# Visual Studio Version 16
VisualStudioVersion = 16.0.29806.167
MinimumVisualStudioVersion = 10.0.40219.1
Project("{9A19103F-16F7-4668-BE54-9A1E7A4F7556}") = "MineSweeperGameTests", "MineSweeperGameTests.csproj", "{2AD99A31-B245-45A8-B2BA-45765E33CBEA}"
EndProject
Global
	GlobalSection(SolutionConfigurationPlatforms) = preSolution
		Debug|Any CPU = Debug|Any CPU
		Release|Any CPU = Release|Any CPU
	EndGlobalSection
	GlobalSection(ProjectConfigurationPlatforms) = postSolution
		{2AD99A31-B245-45A8-B2BA-45765E33CBEA}.Debug|Any CPU.ActiveCfg = Debug|Any CPU
		{2AD99A31-B245-45A8-B2BA-45765E33CBEA}.Debug|Any CPU.Build.0 = Debug|Any CPU
		{2AD99A31-B245-45A8-B2BA-45765E33CBEA}.Release|Any CPU.ActiveCfg = Release|Any CPU
		{2AD99A31-B245-45A8-B2BA-45765E33CBEA}.Release|Any CPU.Build.0 = Release|Any CPU
	EndGlobalSection
	GlobalSection(SolutionProperties) = preSolution
		HideSolutionNode = FALSE
	EndGlobalSection
	GlobalSection(ExtensibilityGlobals) = postSolution
		SolutionGuid = {E139F2CF-4EBF-4D9B-ACC6-9D53C5F991E9}
	EndGlobalSection
EndGlobal
